{
  "name": "ithit.webdav.server.sample",
  "version": "1.0.0",
  "lockfileVersion": 1,
  "requires": true,
  "dependencies": {
    "@types/mime-types": {
      "version": "2.1.0",
      "resolved": "https://registry.npmjs.org/@types/mime-types/-/mime-types-2.1.0.tgz",
      "integrity": "sha1-nKUs2jY/aZxpRmwqbM2q2RPqenM="
    },
    "@types/node": {
      "version": "10.9.4",
      "resolved": "https://registry.npmjs.org/@types/node/-/node-10.9.4.tgz",
      "integrity": "sha512-fCHV45gS+m3hH17zgkgADUSi2RR1Vht6wOZ0jyHP8rjiQra9f+mIcgwPQHllmDocYOstIEbKlxbFDYlgrTPYqw=="
    },
    "@types/xmldom": {
      "version": "0.1.29",
      "resolved": "https://registry.npmjs.org/@types/xmldom/-/xmldom-0.1.29.tgz",
      "integrity": "sha1-xEKLDKhtO4gUdXJv2UmAs4onw4E="
    },
    "ithit.webdav.server": {
      "version": "1.0.2",
      "resolved": "https://registry.npmjs.org/ithit.webdav.server/-/ithit.webdav.server-1.0.2.tgz",
      "integrity": "sha512-54vJOsb/C7YYF0uFabzPeizO13Qy2lh6ZRwVjZGUI6oUfNVusZjb6mpIJwzRfXhRtPQ/mwmQevw//aB9w6iKPg==",
      "requires": {
        "@types/node": "10.9.4",
        "@types/xmldom": "0.1.29",
        "mime-types": "2.1.20",
        "prettier": "1.14.3",
        "rsa-pem-from-mod-exp": "0.8.4",
        "tslint-config-prettier": "1.15.0",
        "typescript": "3.0.3",
        "typescript-dotnet-commonjs": "4.11.1",
        "xml-writer": "1.7.0",
        "xmldom": "0.1.27"
      }
    },
    "mime-db": {
      "version": "1.36.0",
      "resolved": "https://registry.npmjs.org/mime-db/-/mime-db-1.36.0.tgz",
      "integrity": "sha512-L+xvyD9MkoYMXb1jAmzI/lWYAxAMCPvIBSWur0PZ5nOf5euahRLVqH//FKW9mWp2lkqUgYiXPgkzfMUFi4zVDw=="
    },
    "mime-types": {
      "version": "2.1.20",
      "resolved": "https://registry.npmjs.org/mime-types/-/mime-types-2.1.20.tgz",
      "integrity": "sha512-HrkrPaP9vGuWbLK1B1FfgAkbqNjIuy4eHlIYnFi7kamZyLLrGlo2mpcx0bBmNpKqBtYtAfGbodDddIgddSJC2A==",
      "requires": {
        "mime-db": "1.36.0"
      }
    },
    "prettier": {
      "version": "1.14.3",
      "resolved": "https://registry.npmjs.org/prettier/-/prettier-1.14.3.tgz",
      "integrity": "sha512-qZDVnCrnpsRJJq5nSsiHCE3BYMED2OtsI+cmzIzF1QIfqm5ALf8tEJcO27zV1gKNKRPdhjO0dNWnrzssDQ1tFg=="
    },
    "rsa-pem-from-mod-exp": {
      "version": "0.8.4",
      "resolved": "https://registry.npmjs.org/rsa-pem-from-mod-exp/-/rsa-pem-from-mod-exp-0.8.4.tgz",
      "integrity": "sha1-NipCxtMEBW1JOz8SvOq7LGV2ptQ="
    },
    "tslint-config-prettier": {
      "version": "1.15.0",
      "resolved": "https://registry.npmjs.org/tslint-config-prettier/-/tslint-config-prettier-1.15.0.tgz",
      "integrity": "sha512-06CgrHJxJmNYVgsmeMoa1KXzQRoOdvfkqnJth6XUkNeOz707qxN0WfxfhYwhL5kXHHbYJRby2bqAPKwThlZPhw=="
    },
    "typescript": {
      "version": "3.0.3",
      "resolved": "https://registry.npmjs.org/typescript/-/typescript-3.0.3.tgz",
      "integrity": "sha512-kk80vLW9iGtjMnIv11qyxLqZm20UklzuR2tL0QAnDIygIUIemcZMxlMWudl9OOt76H3ntVzcTiddQ1/pAAJMYg=="
    },
    "typescript-dotnet-commonjs": {
      "version": "4.11.1",
      "resolved": "https://registry.npmjs.org/typescript-dotnet-commonjs/-/typescript-dotnet-commonjs-4.11.1.tgz",
      "integrity": "sha512-BFDZblJ9MrP6DPv4/BeVWrqMYz/Kyr8TFg5n+AkQYS1ioY8RPN/vZQHNc+I1uzc3mwEkxTdEtt7o42dpn775/g=="
    },
    "xml-writer": {
      "version": "1.7.0",
      "resolved": "https://registry.npmjs.org/xml-writer/-/xml-writer-1.7.0.tgz",
      "integrity": "sha1-t28dWRwWomNOvbcDx729D9aBkGU="
    },
    "xmldom": {
      "version": "0.1.27",
      "resolved": "https://registry.npmjs.org/xmldom/-/xmldom-0.1.27.tgz",
      "integrity": "sha1-1QH5ezvbQDr4757MIFcxh6rawOk="
    }
  }
}
